golang.org/x/exp v0.0.0-20220907003533-145caa8ea1d0 h1:17k44ji3KFYG94XS5QEFC8pyuOlMh3IoR+vkmTZmJJs=
golang.org/x/exp v0.0.0-20220907003533-145caa8ea1d0/go.mod h1:cyybsKvd6eL0RnXn6p/Grxp8F5bW7iYuBgsNCOHpMYE=
golang.org/x/mod v0.6.0-dev.0.20220419223038-86c51ed26bb4 h1:6zppjxzCulZykYSLyVDYbneBfbaBIQPYMevg0bEwv2s=
golang.org/x/mod v0.6.0-dev.0.20220419223038-86c51ed26bb4/go.mod h1:jJ57K6gSWd91VN4djpZkiMVwK6gcyfeH4XE8wZrZaV4=
